schema: '2.0'
stages:
  split_data:
    cmd: python src/data/split_data.py
    deps:
    - path: data/raw/raw.csv
      hash: md5
      md5: 617b56af2992376d5c3e91ad80823898
      size: 333757
    - path: src/data/split_data.py
      hash: md5
      md5: 34bd92f20c87aafe4194121aa2800ff9
      size: 954
    outs:
    - path: data/processed/X_test.csv
      hash: md5
      md5: ace3de36724488e29be1a15b6ddaefa9
      size: 60151
    - path: data/processed/X_train.csv
      hash: md5
      md5: 1d53c949d950d9c05e974df045e50c23
      size: 239404
    - path: data/processed/y_test.csv
      hash: md5
      md5: f4af67a3212ab00e1efdd89341223f56
      size: 6473
    - path: data/processed/y_train.csv
      hash: md5
      md5: adf073bca29464cdfad732520f736bde
      size: 26009
  normalize_data:
    cmd: python src/data/normalize_data.py
    deps:
    - path: data/processed/X_test.csv
      hash: md5
      md5: ace3de36724488e29be1a15b6ddaefa9
      size: 60151
    - path: data/processed/X_train.csv
      hash: md5
      md5: 1d53c949d950d9c05e974df045e50c23
      size: 239404
    - path: src/data/normalize_data.py
      hash: md5
      md5: 9b0224923843aab64bf9b6778cf9ad47
      size: 1354
    outs:
    - path: data/processed/X_test_scaled.csv
      hash: md5
      md5: e6ecc20747bef12fd87485ad86ffe375
      size: 57051
    - path: data/processed/X_train_scaled.csv
      hash: md5
      md5: 5a53ba4e8232e6b1cd840e260550b65f
      size: 227423
  gridsearch_model:
    cmd: python src/models/gridsearch_model.py
    deps:
    - path: data/processed/X_train_scaled.csv
      hash: md5
      md5: 5a53ba4e8232e6b1cd840e260550b65f
      size: 227423
    - path: data/processed/y_train.csv
      hash: md5
      md5: adf073bca29464cdfad732520f736bde
      size: 26009
    - path: src/models/gridsearch_model.py
      hash: md5
      md5: b51b0cf0280a37e2588930c75e2e1763
      size: 1049
    outs:
    - path: models/best_model.pkl
      hash: md5
      md5: 366d0bdd7d37284310af0786c66311e1
      size: 3925649
  train_model:
    cmd: python src/models/train_final_model.py
    deps:
    - path: data/processed/X_train_scaled.csv
      hash: md5
      md5: 5a53ba4e8232e6b1cd840e260550b65f
      size: 227423
    - path: data/processed/y_train.csv
      hash: md5
      md5: adf073bca29464cdfad732520f736bde
      size: 26009
    - path: models/best_model.pkl
      hash: md5
      md5: 366d0bdd7d37284310af0786c66311e1
      size: 3925649
    - path: src/models/train_final_model.py
      hash: md5
      md5: ed653c99ad35658bb61f881321d09297
      size: 656
    outs:
    - path: models/final_model.pkl
      hash: md5
      md5: 8ff0724f62e24281c0019f998881cbf9
      size: 3925665
  evaluate_model:
    cmd: python src/models/evaluate_model.py
    deps:
    - path: data/processed/X_test_scaled.csv
      hash: md5
      md5: e6ecc20747bef12fd87485ad86ffe375
      size: 57051
    - path: data/processed/y_test.csv
      hash: md5
      md5: f4af67a3212ab00e1efdd89341223f56
      size: 6473
    - path: models/final_model.pkl
      hash: md5
      md5: 8ff0724f62e24281c0019f998881cbf9
      size: 3925665
    - path: src/models/evaluate_model.py
      hash: md5
      md5: df46917387839661c80e442e70a81b76
      size: 1027
    outs:
    - path: data/predictions.csv
      hash: md5
      md5: 879ec94b95497059e9b249efbc72e001
      size: 13222
    - path: metrics/scores.json
      hash: md5
      md5: 2c7b2fd825faed756bce38cab13baa8d
      size: 64
